
Microsoft Visual Studio Solution File, Format Version 12.00
# Visual Studio 15
VisualStudioVersion = 15.0.27130.0
MinimumVisualStudioVersion = 10.0.40219.1
Project("{FAE04EC0-301F-11D3-BF4B-00C04F79EFBC}") = "MaxFlowVisualization_Winforms", "MaxFlowVisualization_Winforms\MaxFlowVisualization_Winforms.csproj", "{3B690616-4629-4D0E-A8B4-E0057A67C8ED}"
EndProject
Global
	GlobalSection(SolutionConfigurationPlatforms) = preSolution
		Debug|Any CPU = Debug|Any CPU
		Release|Any CPU = Release|Any CPU
	EndGlobalSection
	GlobalSection(ProjectConfigurationPlatforms) = postSolution
		{3B690616-4629-4D0E-A8B4-E0057A67C8ED}.Debug|Any CPU.ActiveCfg = Debug|Any CPU
		{3B690616-4629-4D0E-A8B4-E0057A67C8ED}.Debug|Any CPU.Build.0 = Debug|Any CPU
		{3B690616-4629-4D0E-A8B4-E0057A67C8ED}.Release|Any CPU.ActiveCfg = Release|Any CPU
		{3B690616-4629-4D0E-A8B4-E0057A67C8ED}.Release|Any CPU.Build.0 = Release|Any CPU
	EndGlobalSection
	GlobalSection(SolutionProperties) = preSolution
		HideSolutionNode = FALSE
	EndGlobalSection
	GlobalSection(ExtensibilityGlobals) = postSolution
		SolutionGuid = {E242F920-A238-46D7-891E-11C44DE88999}
	EndGlobalSection
EndGlobal
